
Microsoft Visual Studio Solution File, Format Version 12.00
# Visual Studio Version 17
VisualStudioVersion = 17.11.35219.272
MinimumVisualStudioVersion = 10.0.40219.1
Project("{FAE04EC0-301F-11D3-BF4B-00C04F79EFBC}") = "formasGeometricas", "formasGeometricas\formasGeometricas.csproj", "{F4F4468D-DEFD-4EC2-A52F-0628F191E744}"
EndProject
Global
	GlobalSection(SolutionConfigurationPlatforms) = preSolution
		Debug|Any CPU = Debug|Any CPU
		Release|Any CPU = Release|Any CPU
	EndGlobalSection
	GlobalSection(ProjectConfigurationPlatforms) = postSolution
		{F4F4468D-DEFD-4EC2-A52F-0628F191E744}.Debug|Any CPU.ActiveCfg = Debug|Any CPU
		{F4F4468D-DEFD-4EC2-A52F-0628F191E744}.Debug|Any CPU.Build.0 = Debug|Any CPU
		{F4F4468D-DEFD-4EC2-A52F-0628F191E744}.Release|Any CPU.ActiveCfg = Release|Any CPU
		{F4F4468D-DEFD-4EC2-A52F-0628F191E744}.Release|Any CPU.Build.0 = Release|Any CPU
	EndGlobalSection
	GlobalSection(SolutionProperties) = preSolution
		HideSolutionNode = FALSE
	EndGlobalSection
	GlobalSection(ExtensibilityGlobals) = postSolution
		SolutionGuid = {5BE2CF4F-7EC1-4C86-8FC0-F547AB936E41}
	EndGlobalSection
EndGlobal
